<?xml version="1.0" encoding="utf-8"?>
<Project ToolsVersion="4.0" xmlns="http://schemas.microsoft.com/developer/msbuild/2003">
  <ItemGroup>
    <Filter Include="Source Files">
      <UniqueIdentifier>{4FC737F1-C7A5-4376-A066-2A32D752A2FF}</UniqueIdentifier>
      <Extensions>cpp;c;cc;cxx;def;odl;idl;hpj;bat;asm;asmx</Extensions>
    </Filter>
    <Filter Include="Header Files">
      <UniqueIdentifier>{93995380-89BD-4b04-88EB-625FBE52EBFB}</UniqueIdentifier>
      <Extensions>h;hpp;hxx;hm;inl;inc;xsd</Extensions>
    </Filter>
    <Filter Include="Resource Files">
      <UniqueIdentifier>{67DA6AB6-F800-4c08-8B7A-83BB121AAD01}</UniqueIdentifier>
      <Extensions>rc;ico;cur;bmp;dlg;rc2;rct;bin;rgs;gif;jpg;jpeg;jpe;resx;tiff;tif;png;wav</Extensions>
    </Filter>
    <Filter Include="Source Files\app">
      <UniqueIdentifier>{fc764ac8-7749-482c-a063-66a452626893}</UniqueIdentifier>
    </Filter>
    <Filter Include="Source Files\cinder_gif">
      <UniqueIdentifier>{ebd814ac-4bb7-4f90-96d7-ddfa41ff7da6}</UniqueIdentifier>
    </Filter>
    <Filter Include="Source Files\view">
      <UniqueIdentifier>{a22bcd53-1e83-4a08-bcd5-d5233f36be79}</UniqueIdentifier>
    </Filter>
    <Filter Include="Source Files\msg">
      <UniqueIdentifier>{23e00512-bf14-4dac-bd96-12f8b1313d06}</UniqueIdentifier>
    </Filter>
    <Filter Include="Source Files\thread">
      <UniqueIdentifier>{aba4a4c9-d6d2-4865-87b6-1a4ce3e989c2}</UniqueIdentifier>
    </Filter>
  </ItemGroup>
  <ItemGroup>
    <ClInclude Include="..\include\Resources.h">
      <Filter>Header Files</Filter>
    </ClInclude>
    <ClInclude Include="..\src\app\status.h">
      <Filter>Source Files\app</Filter>
    </ClInclude>
    <ClInclude Include="..\src\cinder_gif\texture_gif_list.h">
      <Filter>Source Files\cinder_gif</Filter>
    </ClInclude>
    <ClInclude Include="..\src\view\gif_view.h">
      <Filter>Source Files\view</Filter>
    </ClInclude>
    <ClInclude Include="..\src\view\status_view.h">
      <Filter>Source Files\view</Filter>
    </ClInclude>
    <ClInclude Include="..\src\msg\app_msg.h">
      <Filter>Source Files\msg</Filter>
    </ClInclude>
    <ClInclude Include="..\src\thread\safe_value.h">
      <Filter>Source Files\thread</Filter>
    </ClInclude>
    <ClInclude Include="..\src\thread\safe_vector.h">
      <Filter>Source Files\thread</Filter>
    </ClInclude>
    <ClInclude Include="..\src\cinder_gif\path_writer.h">
      <Filter>Source Files\cinder_gif</Filter>
    </ClInclude>
    <ClInclude Include="..\src\app\app.h">
      <Filter>Source Files\app</Filter>
    </ClInclude>
  </ItemGroup>
  <ItemGroup>
    <ClInclude Include="..\include\Resources.h">
      <Filter>Header Files</Filter>
    </ClInclude>
  </ItemGroup>
  <ItemGroup>
    <ResourceCompile Include="Resources.rc">
      <Filter>Resource Files</Filter>
    </ResourceCompile>
  </ItemGroup>
  <ItemGroup>
    <ClCompile Include="..\src\cinder_gif\texture_gif_list.cpp">
      <Filter>Source Files\cinder_gif</Filter>
    </ClCompile>
    <ClCompile Include="..\src\view\gif_view.cpp">
      <Filter>Source Files\view</Filter>
    </ClCompile>
    <ClCompile Include="..\src\view\status_view.cpp">
      <Filter>Source Files\view</Filter>
    </ClCompile>
    <ClCompile Include="..\src\cinder_gif\path_writer.cpp">
      <Filter>Source Files\cinder_gif</Filter>
    </ClCompile>
    <ClCompile Include="..\src\app\app.cpp">
      <Filter>Source Files\app</Filter>
    </ClCompile>
  </ItemGroup>
</Project>