<?xml version="1.0" encoding="utf-8"?>
<Project ToolsVersion="4.0" xmlns="http://schemas.microsoft.com/developer/msbuild/2003">
  <ItemGroup>
    <Filter Include="Source Files">
      <UniqueIdentifier>{4FC737F1-C7A5-4376-A066-2A32D752A2FF}</UniqueIdentifier>
      <Extensions>cpp;c;cc;cxx;def;odl;idl;hpj;bat;asm;asmx</Extensions>
    </Filter>
    <Filter Include="Header Files">
      <UniqueIdentifier>{93995380-89BD-4b04-88EB-625FBE52EBFB}</UniqueIdentifier>
      <Extensions>h;hpp;hxx;hm;inl;inc;xsd</Extensions>
    </Filter>
    <Filter Include="Resource Files">
      <UniqueIdentifier>{67DA6AB6-F800-4c08-8B7A-83BB121AAD01}</UniqueIdentifier>
      <Extensions>rc;ico;cur;bmp;dlg;rc2;rct;bin;rgs;gif;jpg;jpeg;jpe;resx;tiff;tif;png;wav</Extensions>
    </Filter>
    <Filter Include="Source Files\app">
      <UniqueIdentifier>{7e0285b8-9baf-4893-a8de-bd1e19f61656}</UniqueIdentifier>
    </Filter>
    <Filter Include="Source Files\dbg">
      <UniqueIdentifier>{19db3db6-f4e2-48ed-9043-0becd75f55ad}</UniqueIdentifier>
    </Filter>
    <Filter Include="Source Files\math">
      <UniqueIdentifier>{91c46535-6a7c-4a03-9eb1-0c54ba56aaf6}</UniqueIdentifier>
    </Filter>
    <Filter Include="Source Files\service">
      <UniqueIdentifier>{7d05766e-0df5-44eb-bb05-35e86c645066}</UniqueIdentifier>
    </Filter>
    <Filter Include="Source Files\view">
      <UniqueIdentifier>{b53baec0-0afd-45ef-8ab9-81ce879a7f78}</UniqueIdentifier>
    </Filter>
    <Filter Include="Source Files\time">
      <UniqueIdentifier>{ad75a80b-86e7-4db6-b2cd-d4814c902d81}</UniqueIdentifier>
    </Filter>
  </ItemGroup>
  <ItemGroup>
    <ClInclude Include="..\Resources.h">
      <Filter>Header Files</Filter>
    </ClInclude>
    <ClInclude Include="..\src\kt\app\service.h">
      <Filter>Source Files\app</Filter>
    </ClInclude>
    <ClInclude Include="..\src\kt\app\cns.h">
      <Filter>Source Files\app</Filter>
    </ClInclude>
    <ClInclude Include="..\src\kt\app\id.h">
      <Filter>Source Files\app</Filter>
    </ClInclude>
    <ClInclude Include="..\src\kt\dbg\dbg_defs.h">
      <Filter>Source Files\dbg</Filter>
    </ClInclude>
    <ClInclude Include="..\src\kt\math\circle.h">
      <Filter>Source Files\math</Filter>
    </ClInclude>
    <ClInclude Include="..\src\kt\math\geometry.h">
      <Filter>Source Files\math</Filter>
    </ClInclude>
    <ClInclude Include="..\src\kt\math\range.h">
      <Filter>Source Files\math</Filter>
    </ClInclude>
    <ClInclude Include="..\src\kt\math\segment.h">
      <Filter>Source Files\math</Filter>
    </ClInclude>
    <ClInclude Include="..\src\kt\app\environment.h">
      <Filter>Source Files\app</Filter>
    </ClInclude>
    <ClInclude Include="..\src\kt\app\kt_string.h">
      <Filter>Source Files\app</Filter>
    </ClInclude>
    <ClInclude Include="..\src\kt\app\app.h">
      <Filter>Source Files\app</Filter>
    </ClInclude>
    <ClInclude Include="..\src\kt\app\settings.h">
      <Filter>Source Files\app</Filter>
    </ClInclude>
    <ClInclude Include="..\src\kt\service\font_service.h">
      <Filter>Source Files\service</Filter>
    </ClInclude>
    <ClInclude Include="..\src\kt\view\view.h">
      <Filter>Source Files\view</Filter>
    </ClInclude>
    <ClInclude Include="..\src\kt\view\view_defs.h">
      <Filter>Source Files\view</Filter>
    </ClInclude>
    <ClInclude Include="..\src\kt\app\update_defs.h">
      <Filter>Source Files\app</Filter>
    </ClInclude>
    <ClInclude Include="..\src\kt\view\view_root.h">
      <Filter>Source Files\view</Filter>
    </ClInclude>
    <ClInclude Include="..\src\kt\app\update.h">
      <Filter>Source Files\app</Filter>
    </ClInclude>
    <ClInclude Include="..\src\kt\app\control_defs.h">
      <Filter>Source Files\app</Filter>
    </ClInclude>
    <ClInclude Include="..\src\kt\service\update_service.h">
      <Filter>Source Files\service</Filter>
    </ClInclude>
    <ClInclude Include="..\src\kt\view\view_curtain.h">
      <Filter>Source Files\view</Filter>
    </ClInclude>
    <ClInclude Include="..\src\kt\view\label_view.h">
      <Filter>Source Files\view</Filter>
    </ClInclude>
    <ClInclude Include="..\src\kt\view\image_view.h">
      <Filter>Source Files\view</Filter>
    </ClInclude>
    <ClInclude Include="..\src\kt\service\msg_service.h">
      <Filter>Source Files\service</Filter>
    </ClInclude>
    <ClInclude Include="..\src\kt\app\mouse_handler.h">
      <Filter>Source Files\app</Filter>
    </ClInclude>
    <ClInclude Include="..\src\kt\app\pointer.h">
      <Filter>Source Files\app</Filter>
    </ClInclude>
    <ClInclude Include="..\src\kt\app\msg.h">
      <Filter>Source Files\app</Filter>
    </ClInclude>
    <ClInclude Include="..\src\kt\service\directory_watcher_service.h">
      <Filter>Source Files\service</Filter>
    </ClInclude>
    <ClInclude Include="..\src\kt\app\directory_watcher.h">
      <Filter>Source Files\app</Filter>
    </ClInclude>
    <ClInclude Include="..\src\kt\time\seconds.h">
      <Filter>Source Files\time</Filter>
    </ClInclude>
  </ItemGroup>
  <ItemGroup>
    <ClCompile Include="..\src\kt\app\cns.cpp">
      <Filter>Source Files\app</Filter>
    </ClCompile>
    <ClCompile Include="..\src\kt\math\geometry.cpp">
      <Filter>Source Files\math</Filter>
    </ClCompile>
    <ClCompile Include="..\src\kt\math\range.cpp">
      <Filter>Source Files\math</Filter>
    </ClCompile>
    <ClCompile Include="..\src\kt\math\segment.cpp">
      <Filter>Source Files\math</Filter>
    </ClCompile>
    <ClCompile Include="..\src\kt\app\environment.cpp">
      <Filter>Source Files\app</Filter>
    </ClCompile>
    <ClCompile Include="..\src\kt\app\kt_string.cpp">
      <Filter>Source Files\app</Filter>
    </ClCompile>
    <ClCompile Include="..\src\kt\app\app.cpp">
      <Filter>Source Files\app</Filter>
    </ClCompile>
    <ClCompile Include="..\src\kt\app\settings.cpp">
      <Filter>Source Files\app</Filter>
    </ClCompile>
    <ClCompile Include="..\src\kt\service\font_service.cpp">
      <Filter>Source Files\service</Filter>
    </ClCompile>
    <ClCompile Include="..\src\kt\view\view.cpp">
      <Filter>Source Files\view</Filter>
    </ClCompile>
    <ClCompile Include="..\src\kt\view\view_root.cpp">
      <Filter>Source Files\view</Filter>
    </ClCompile>
    <ClCompile Include="..\src\kt\app\update.cpp">
      <Filter>Source Files\app</Filter>
    </ClCompile>
    <ClCompile Include="..\src\kt\service\update_service.cpp">
      <Filter>Source Files\service</Filter>
    </ClCompile>
    <ClCompile Include="..\src\kt\view\label_view.cpp">
      <Filter>Source Files\view</Filter>
    </ClCompile>
    <ClCompile Include="..\src\kt\view\image_view.cpp">
      <Filter>Source Files\view</Filter>
    </ClCompile>
    <ClCompile Include="..\src\kt\service\msg_service.cpp">
      <Filter>Source Files\service</Filter>
    </ClCompile>
    <ClCompile Include="..\src\kt\app\mouse_handler.cpp">
      <Filter>Source Files\app</Filter>
    </ClCompile>
    <ClCompile Include="..\src\kt\service\directory_watcher_service.cpp">
      <Filter>Source Files\service</Filter>
    </ClCompile>
    <ClCompile Include="..\src\kt\service\directory_watcher_win32.cpp">
      <Filter>Source Files\service</Filter>
    </ClCompile>
    <ClCompile Include="..\src\kt\app\directory_watcher.cpp">
      <Filter>Source Files\app</Filter>
    </ClCompile>
    <ClCompile Include="..\src\kt\time\seconds.cpp">
      <Filter>Source Files\time</Filter>
    </ClCompile>
  </ItemGroup>
</Project>